// !$*UTF8*$!
{
	archiveVersion = 1;
	classes = {
	};
	objectVersion = 46;
	objects = {

/* Begin PBXBuildFile section */
		8D7F890B1C9A2AB400FA2F79 /* AppDelegate.swift in Sources */ = {isa = PBXBuildFile; fileRef = 8D7F890A1C9A2AB400FA2F79 /* AppDelegate.swift */; };
		8D7F890D1C9A2AB400FA2F79 /* ViewController.swift in Sources */ = {isa = PBXBuildFile; fileRef = 8D7F890C1C9A2AB400FA2F79 /* ViewController.swift */; };
		8D7F89101C9A2AB400FA2F79 /* Main.storyboard in Resources */ = {isa = PBXBuildFile; fileRef = 8D7F890E1C9A2AB400FA2F79 /* Main.storyboard */; };
		8D7F89121C9A2AB400FA2F79 /* Assets.xcassets in Resources */ = {isa = PBXBuildFile; fileRef = 8D7F89111C9A2AB400FA2F79 /* Assets.xcassets */; };
		8D7F89151C9A2AB400FA2F79 /* LaunchScreen.storyboard in Resources */ = {isa = PBXBuildFile; fileRef = 8D7F89131C9A2AB400FA2F79 /* LaunchScreen.storyboard */; };
/* End PBXBuildFile section */

/* Begin PBXFileReference section */
		8D7F89071C9A2AB400FA2F79 /* pokeman.app */ = {isa = PBXFileReference; explicitFileType = wrapper.application; includeInIndex = 0; path = pokeman.app; sourceTree = BUILT_PRODUCTS_DIR; };
		8D7F890A1C9A2AB400FA2F79 /* AppDelegate.swift */ = {isa = PBXFileReference; lastKnownFileType = sourcecode.swift; path = AppDelegate.swift; sourceTree = "<group>"; };
		8D7F890C1C9A2AB400FA2F79 /* ViewController.swift */ = {isa = PBXFileReference; lastKnownFileType = sourcecode.swift; path = ViewController.swift; sourceTree = "<group>"; };
		8D7F890F1C9A2AB400FA2F79 /* Base */ = {isa = PBXFileReference; lastKnownFileType = file.storyboard; name = Base; path = Base.lproj/Main.storyboard; sourceTree = "<group>"; };
		8D7F89111C9A2AB400FA2F79 /* Assets.xcassets */ = {isa = PBXFileReference; lastKnownFileType = folder.assetcatalog; path = Assets.xcassets; sourceTree = "<group>"; };
		8D7F89141C9A2AB400FA2F79 /* Base */ = {isa = PBXFileReference; lastKnownFileType = file.storyboard; name = Base; path = Base.lproj/LaunchScreen.storyboard; sourceTree = "<group>"; };
		8D7F89161C9A2AB400FA2F79 /* Info.plist */ = {isa = PBXFileReference; lastKnownFileType = text.plist.xml; path = Info.plist; sourceTree = "<group>"; };
/* End PBXFileReference section */

/* Begin PBXFrameworksBuildPhase section */
		8D7F89041C9A2AB400FA2F79 /* Frameworks */ = {
			isa = PBXFrameworksBuildPhase;
			buildActionMask = 2147483647;
			files = (
			);
			runOnlyForDeploymentPostprocessing = 0;
		};
/* End PBXFrameworksBuildPhase section */

/* Begin PBXGroup section */
		8D7F88FE1C9A2AB400FA2F79 = {
			isa = PBXGroup;
			children = (
				8D7F89091C9A2AB400FA2F79 /* pokeman */,
				8D7F89081C9A2AB400FA2F79 /* Products */,
			);
			sourceTree = "<group>";
		};
		8D7F89081C9A2AB400FA2F79 /* Products */ = {
			isa = PBXGroup;
			children = (
				8D7F89071C9A2AB400FA2F79 /* pokeman.app */,
			);
			name = Products;
			sourceTree = "<group>";
		};
		8D7F89091C9A2AB400FA2F79 /* pokeman */ = {
			isa = PBXGroup;
			children = (
				8D7F890A1C9A2AB400FA2F79 /* AppDelegate.swift */,
				8D7F890C1C9A2AB400FA2F79 /* ViewController.swift */,
				8D7F890E1C9A2AB400FA2F79 /* Main.storyboard */,
				8D7F89111C9A2AB400FA2F79 /* Assets.xcassets */,
				8D7F89131C9A2AB400FA2F79 /* LaunchScreen.storyboard */,
				8D7F89161C9A2AB400FA2F79 /* Info.plist */,
			);
			path = pokeman;
			sourceTree = "<group>";
		};
/* End PBXGroup section */

/* Begin PBXNativeTarget section */
		8D7F89061C9A2AB400FA2F79 /* pokeman */ = {
			isa = PBXNativeTarget;
			buildConfigurationList = 8D7F89191C9A2AB400FA2F79 /* Build configuration list for PBXNativeTarget "pokeman" */;
			buildPhases = (
				8D7F89031C9A2AB400FA2F79 /* Sources */,
				8D7F89041C9A2AB400FA2F79 /* Frameworks */,
				8D7F89051C9A2AB400FA2F79 /* Resources */,
			);
			buildRules = (
			);
			dependencies = (
			);
			name = pokeman;
			productName = pokeman;
			productReference = 8D7F89071C9A2AB400FA2F79 /* pokeman.app */;
			productType = "com.apple.product-type.application";
		};
/* End PBXNativeTarget section */

/* Begin PBXProject section */
		8D7F88FF1C9A2AB400FA2F79 /* Project object */ = {
			isa = PBXProject;
			attributes = {
				LastSwiftUpdateCheck = 0720;
				LastUpgradeCheck = 0720;
				ORGANIZATIONNAME = "Srikanth Adavalli";
				TargetAttributes = {
					8D7F89061C9A2AB400FA2F79 = {
						CreatedOnToolsVersion = 7.2.1;
					};
				};
			};
			buildConfigurationList = 8D7F89021C9A2AB400FA2F79 /* Build configuration list for PBXProject "pokeman" */;
			compatibilityVersion = "Xcode 3.2";
			developmentRegion = English;
			hasScannedForEncodings = 0;
			knownRegions = (
				en,
				Base,
			);
			mainGroup = 8D7F88FE1C9A2AB400FA2F79;
			productRefGroup = 8D7F89081C9A2AB400FA2F79 /* Products */;
			projectDirPath = "";
			projectRoot = "";
			targets = (
				8D7F89061C9A2AB400FA2F79 /* pokeman */,
			);
		};
/* End PBXProject section */

/* Begin PBXResourcesBuildPhase section */
		8D7F89051C9A2AB400FA2F79 /* Resources */ = {
			isa = PBXResourcesBuildPhase;
			buildActionMask = 2147483647;
			files = (
				8D7F89151C9A2AB400FA2F79 /* LaunchScreen.storyboard in Resources */,
				8D7F89121C9A2AB400FA2F79 /* Assets.xcassets in Resources */,
				8D7F89101C9A2AB400FA2F79 /* Main.storyboard in Resources */,
			);
			runOnlyForDeploymentPostprocessing = 0;
		};
/* End PBXResourcesBuildPhase section */

/* Begin PBXSourcesBuildPhase section */
		8D7F89031C9A2AB400FA2F79 /* Sources */ = {
			isa = PBXSourcesBuildPhase;
			buildActionMask = 2147483647;
			files = (
				8D7F890D1C9A2AB400FA2F79 /* ViewController.swift in Sources */,
				8D7F890B1C9A2AB400FA2F79 /* AppDelegate.swift in Sources */,
			);
			runOnlyForDeploymentPostprocessing = 0;
		};
/* End PBXSourcesBuildPhase section */

/* Begin PBXVariantGroup section */
		8D7F890E1C9A2AB400FA2F79 /* Main.storyboard */ = {
			isa = PBXVariantGroup;
			children = (
				8D7F890F1C9A2AB400FA2F79 /* Base */,
			);
			name = Main.storyboard;
			sourceTree = "<group>";
		};
		8D7F89131C9A2AB400FA2F79 /* LaunchScreen.storyboard */ = {
			isa = PBXVariantGroup;
			children = (
				8D7F89141C9A2AB400FA2F79 /* Base */,
			);
			name = LaunchScreen.storyboard;
			sourceTree = "<group>";
		};
/* End PBXVariantGroup section */

/* Begin XCBuildConfiguration section */
		8D7F89171C9A2AB400FA2F79 /* Debug */ = {
			isa = XCBuildConfiguration;
			buildSettings = {
				ALWAYS_SEARCH_USER_PATHS = NO;
				CLANG_CXX_LANGUAGE_STANDARD = "gnu++0x";
				CLANG_CXX_LIBRARY = "libc++";
				CLANG_ENABLE_MODULES = YES;
				CLANG_ENABLE_OBJC_ARC = YES;
				CLANG_WARN_BOOL_CONVERSION = YES;
				CLANG_WARN_CONSTANT_CONVERSION = YES;
				CLANG_WARN_DIRECT_OBJC_ISA_USAGE = YES_ERROR;
				CLANG_WARN_EMPTY_BODY = YES;
				CLANG_WARN_ENUM_CONVERSION = YES;
				CLANG_WARN_INT_CONVERSION = YES;
				CLANG_WARN_OBJC_ROOT_CLASS = YES_ERROR;
				CLANG_WARN_UNREACHABLE_CODE = YES;
				CLANG_WARN__DUPLICATE_METHOD_MATCH = YES;
				"CODE_SIGN_IDENTITY[sdk=iphoneos*]" = "iPhone Developer";
				COPY_PHASE_STRIP = NO;
				DEBUG_INFORMATION_FORMAT = dwarf;
				ENABLE_STRICT_OBJC_MSGSEND = YES;
				ENABLE_TESTABILITY = YES;
				GCC_C_LANGUAGE_STANDARD = gnu99;
				GCC_DYNAMIC_NO_PIC = NO;
				GCC_NO_COMMON_BLOCKS = YES;
				GCC_OPTIMIZATION_LEVEL = 0;
				GCC_PREPROCESSOR_DEFINITIONS = (
					"DEBUG=1",
					"$(inherited)",
				);
				GCC_WARN_64_TO_32_BIT_CONVERSION = YES;
				GCC_WARN_ABOUT_RETURN_TYPE = YES_ERROR;
				GCC_WARN_UNDECLARED_SELECTOR = YES;
				GCC_WARN_UNINITIALIZED_AUTOS = YES_AGGRESSIVE;
				GCC_WARN_UNUSED_FUNCTION = YES;
				GCC_WARN_UNUSED_VARIABLE = YES;
				IPHONEOS_DEPLOYMENT_TARGET = 9.2;
				MTL_ENABLE_DEBUG_INFO = YES;
				ONLY_ACTIVE_ARCH = YES;
				SDKROOT = iphoneos;
				SWIFT_OPTIMIZATION_LEVEL = "-Onone";
				TARGETED_DEVICE_FAMILY = "1,2";
			};
			name = Debug;
		};
		8D7F89181C9A2AB400FA2F79 /* Release */ = {
			isa = XCBuildConfiguration;
			buildSettings = {
				ALWAYS_SEARCH_USER_PATHS = NO;
				CLANG_CXX_LANGUAGE_STANDARD = "gnu++0x";
				CLANG_CXX_LIBRARY = "libc++";
				CLANG_ENABLE_MODULES = YES;
				CLANG_ENABLE_OBJC_ARC = YES;
				CLANG_WARN_BOOL_CONVERSION = YES;
				CLANG_WARN_CONSTANT_CONVERSION = YES;
				CLANG_WARN_DIRECT_OBJC_ISA_USAGE = YES_ERROR;
				CLANG_WARN_EMPTY_BODY = YES;
				CLANG_WARN_ENUM_CONVERSION = YES;
				CLANG_WARN_INT_CONVERSION = YES;
				CLANG_WARN_OBJC_ROOT_CLASS = YES_ERROR;
				CLANG_WARN_UNREACHABLE_CODE = YES;
				CLANG_WARN__DUPLICATE_METHOD_MATCH = YES;
				"CODE_SIGN_IDENTITY[sdk=iphoneos*]" = "iPhone Developer";
				COPY_PHASE_STRIP = NO;
				DEBUG_INFORMATION_FORMAT = "dwarf-with-dsym";
				ENABLE_NS_ASSERTIONS = NO;
				ENABLE_STRICT_OBJC_MSGSEND = YES;
				GCC_C_LANGUAGE_STANDARD = gnu99;
				GCC_NO_COMMON_BLOCKS = YES;
				GCC_WARN_64_TO_32_BIT_CONVERSION = YES;
				GCC_WARN_ABOUT_RETURN_TYPE = YES_ERROR;
				GCC_WARN_UNDECLARED_SELECTOR = YES;
				GCC_WARN_UNINITIALIZED_AUTOS = YES_AGGRESSIVE;
				GCC_WARN_UNUSED_FUNCTION = YES;
				GCC_WARN_UNUSED_VARIABLE = YES;
				IPHONEOS_DEPLOYMENT_TARGET = 9.2;
				MTL_ENABLE_DEBUG_INFO = NO;
				SDKROOT = iphoneos;
				TARGETED_DEVICE_FAMILY = "1,2";
				VALIDATE_PRODUCT = YES;
			};
			name = Release;
		};
		8D7F891A1C9A2AB400FA2F79 /* Debug */ = {
			isa = XCBuildConfiguration;
			buildSettings = {
				ASSETCATALOG_COMPILER_APPICON_NAME = AppIcon;
				INFOPLIST_FILE = pokeman/Info.plist;
				LD_RUNPATH_SEARCH_PATHS = "$(inherited) @executable_path/Frameworks";
				PRODUCT_BUNDLE_IDENTIFIER = com.training.pokeman;
				PRODUCT_NAME = "$(TARGET_NAME)";
			};
			name = Debug;
		};
		8D7F891B1C9A2AB400FA2F79 /* Release */ = {
			isa = XCBuildConfiguration;
			buildSettings = {
				ASSETCATALOG_COMPILER_APPICON_NAME = AppIcon;
				INFOPLIST_FILE = pokeman/Info.plist;
				LD_RUNPATH_SEARCH_PATHS = "$(inherited) @executable_path/Frameworks";
				PRODUCT_BUNDLE_IDENTIFIER = com.training.pokeman;
				PRODUCT_NAME = "$(TARGET_NAME)";
			};
			name = Release;
		};
/* End XCBuildConfiguration section */

/* Begin XCConfigurationList section */
		8D7F89021C9A2AB400FA2F79 /* Build configuration list for PBXProject "pokeman" */ = {
			isa = XCConfigurationList;
			buildConfigurations = (
				8D7F89171C9A2AB400FA2F79 /* Debug */,
				8D7F89181C9A2AB400FA2F79 /* Release */,
			);
			defaultConfigurationIsVisible = 0;
			defaultConfigurationName = Release;
		};
		8D7F89191C9A2AB400FA2F79 /* Build configuration list for PBXNativeTarget "pokeman" */ = {
			isa = XCConfigurationList;
			buildConfigurations = (
				8D7F891A1C9A2AB400FA2F79 /* Debug */,
				8D7F891B1C9A2AB400FA2F79 /* Release */,
			);
			defaultConfigurationIsVisible = 0;
		};
/* End XCConfigurationList section */
	};
	rootObject = 8D7F88FF1C9A2AB400FA2F79 /* Project object */;
}
